# This file is automatically @generated by Cargo.
# It is not intended for manual editing.
version = 3

[[package]]
name = "codeforces"
version = "0.1.0"
dependencies = [
 "rustrithm",
]

[[package]]
name = "rustrithm"
version = "0.1.0"
source = "git+https://github.com/kena0ki/rustrithm#bcd7cbd7d3e1d78d5a6b6ce6ee9e0c076ab861e2"
