# This file is automatically @generated by Cargo.
# It is not intended for manual editing.
version = 3

[[package]]
name = "codeforces"
version = "0.1.0"
dependencies = [
 "rustrithm",
]

[[package]]
name = "rustrithm"
version = "0.1.0"
source = "git+https://github.com/kena0ki/rustrithm#d59da35f129d7a19c058b80020b981e363f5e32b"
